// !$*UTF8*$!
{
	archiveVersion = 1;
	classes = {
	};
	objectVersion = 50;
	objects = {

/* Begin PBXBuildFile section */
		C5D42DA222A8647100540766 /* AppDelegate.swift in Sources */ = {isa = PBXBuildFile; fileRef = C5D42DA122A8647100540766 /* AppDelegate.swift */; };
		C5D42DA422A8647100540766 /* SceneDelegate.swift in Sources */ = {isa = PBXBuildFile; fileRef = C5D42DA322A8647100540766 /* SceneDelegate.swift */; };
		C5D42DA622A8647100540766 /* ContentView.swift in Sources */ = {isa = PBXBuildFile; fileRef = C5D42DA522A8647100540766 /* ContentView.swift */; };
		C5D42DA822A8647300540766 /* Assets.xcassets in Resources */ = {isa = PBXBuildFile; fileRef = C5D42DA722A8647300540766 /* Assets.xcassets */; };
		C5D42DAB22A8647300540766 /* Preview Assets.xcassets in Resources */ = {isa = PBXBuildFile; fileRef = C5D42DAA22A8647300540766 /* Preview Assets.xcassets */; };
		C5D42DAE22A8647300540766 /* LaunchScreen.storyboard in Resources */ = {isa = PBXBuildFile; fileRef = C5D42DAC22A8647300540766 /* LaunchScreen.storyboard */; };
		C5D42DB922A8647300540766 /* FFMPEGShortcutsAppTests.swift in Sources */ = {isa = PBXBuildFile; fileRef = C5D42DB822A8647300540766 /* FFMPEGShortcutsAppTests.swift */; };
		C5D42DC422A8647300540766 /* FFMPEGShortcutsAppUITests.swift in Sources */ = {isa = PBXBuildFile; fileRef = C5D42DC322A8647300540766 /* FFMPEGShortcutsAppUITests.swift */; };
/* End PBXBuildFile section */

/* Begin PBXContainerItemProxy section */
		C5D42DB522A8647300540766 /* PBXContainerItemProxy */ = {
			isa = PBXContainerItemProxy;
			containerPortal = C5D42D9622A8647100540766 /* Project object */;
			proxyType = 1;
			remoteGlobalIDString = C5D42D9D22A8647100540766;
			remoteInfo = FFMPEGShortcutsApp;
		};
		C5D42DC022A8647300540766 /* PBXContainerItemProxy */ = {
			isa = PBXContainerItemProxy;
			containerPortal = C5D42D9622A8647100540766 /* Project object */;
			proxyType = 1;
			remoteGlobalIDString = C5D42D9D22A8647100540766;
			remoteInfo = FFMPEGShortcutsApp;
		};
/* End PBXContainerItemProxy section */

/* Begin PBXFileReference section */
		C5D42D9E22A8647100540766 /* FFMPEGShortcutsApp.app */ = {isa = PBXFileReference; explicitFileType = wrapper.application; includeInIndex = 0; path = FFMPEGShortcutsApp.app; sourceTree = BUILT_PRODUCTS_DIR; };
		C5D42DA122A8647100540766 /* AppDelegate.swift */ = {isa = PBXFileReference; lastKnownFileType = sourcecode.swift; path = AppDelegate.swift; sourceTree = "<group>"; };
		C5D42DA322A8647100540766 /* SceneDelegate.swift */ = {isa = PBXFileReference; lastKnownFileType = sourcecode.swift; path = SceneDelegate.swift; sourceTree = "<group>"; };
		C5D42DA522A8647100540766 /* ContentView.swift */ = {isa = PBXFileReference; lastKnownFileType = sourcecode.swift; path = ContentView.swift; sourceTree = "<group>"; };
		C5D42DA722A8647300540766 /* Assets.xcassets */ = {isa = PBXFileReference; lastKnownFileType = folder.assetcatalog; path = Assets.xcassets; sourceTree = "<group>"; };
		C5D42DAA22A8647300540766 /* Preview Assets.xcassets */ = {isa = PBXFileReference; lastKnownFileType = folder.assetcatalog; path = "Preview Assets.xcassets"; sourceTree = "<group>"; };
		C5D42DAD22A8647300540766 /* Base */ = {isa = PBXFileReference; lastKnownFileType = file.storyboard; name = Base; path = Base.lproj/LaunchScreen.storyboard; sourceTree = "<group>"; };
		C5D42DAF22A8647300540766 /* Info.plist */ = {isa = PBXFileReference; lastKnownFileType = text.plist.xml; path = Info.plist; sourceTree = "<group>"; };
		C5D42DB422A8647300540766 /* FFMPEGShortcutsAppTests.xctest */ = {isa = PBXFileReference; explicitFileType = wrapper.cfbundle; includeInIndex = 0; path = FFMPEGShortcutsAppTests.xctest; sourceTree = BUILT_PRODUCTS_DIR; };
		C5D42DB822A8647300540766 /* FFMPEGShortcutsAppTests.swift */ = {isa = PBXFileReference; lastKnownFileType = sourcecode.swift; path = FFMPEGShortcutsAppTests.swift; sourceTree = "<group>"; };
		C5D42DBA22A8647300540766 /* Info.plist */ = {isa = PBXFileReference; lastKnownFileType = text.plist.xml; path = Info.plist; sourceTree = "<group>"; };
		C5D42DBF22A8647300540766 /* FFMPEGShortcutsAppUITests.xctest */ = {isa = PBXFileReference; explicitFileType = wrapper.cfbundle; includeInIndex = 0; path = FFMPEGShortcutsAppUITests.xctest; sourceTree = BUILT_PRODUCTS_DIR; };
		C5D42DC322A8647300540766 /* FFMPEGShortcutsAppUITests.swift */ = {isa = PBXFileReference; lastKnownFileType = sourcecode.swift; path = FFMPEGShortcutsAppUITests.swift; sourceTree = "<group>"; };
		C5D42DC522A8647300540766 /* Info.plist */ = {isa = PBXFileReference; lastKnownFileType = text.plist.xml; path = Info.plist; sourceTree = "<group>"; };
/* End PBXFileReference section */

/* Begin PBXFrameworksBuildPhase section */
		C5D42D9B22A8647100540766 /* Frameworks */ = {
			isa = PBXFrameworksBuildPhase;
			buildActionMask = 2147483647;
			files = (
			);
			runOnlyForDeploymentPostprocessing = 0;
		};
		C5D42DB122A8647300540766 /* Frameworks */ = {
			isa = PBXFrameworksBuildPhase;
			buildActionMask = 2147483647;
			files = (
			);
			runOnlyForDeploymentPostprocessing = 0;
		};
		C5D42DBC22A8647300540766 /* Frameworks */ = {
			isa = PBXFrameworksBuildPhase;
			buildActionMask = 2147483647;
			files = (
			);
			runOnlyForDeploymentPostprocessing = 0;
		};
/* End PBXFrameworksBuildPhase section */

/* Begin PBXGroup section */
		C5D42D9522A8647100540766 = {
			isa = PBXGroup;
			children = (
				C5D42DA022A8647100540766 /* FFMPEGShortcutsApp */,
				C5D42DB722A8647300540766 /* FFMPEGShortcutsAppTests */,
				C5D42DC222A8647300540766 /* FFMPEGShortcutsAppUITests */,
				C5D42D9F22A8647100540766 /* Products */,
			);
			sourceTree = "<group>";
		};
		C5D42D9F22A8647100540766 /* Products */ = {
			isa = PBXGroup;
			children = (
				C5D42D9E22A8647100540766 /* FFMPEGShortcutsApp.app */,
				C5D42DB422A8647300540766 /* FFMPEGShortcutsAppTests.xctest */,
				C5D42DBF22A8647300540766 /* FFMPEGShortcutsAppUITests.xctest */,
			);
			name = Products;
			sourceTree = "<group>";
		};
		C5D42DA022A8647100540766 /* FFMPEGShortcutsApp */ = {
			isa = PBXGroup;
			children = (
				C5D42DA122A8647100540766 /* AppDelegate.swift */,
				C5D42DA322A8647100540766 /* SceneDelegate.swift */,
				C5D42DA522A8647100540766 /* ContentView.swift */,
				C5D42DA722A8647300540766 /* Assets.xcassets */,
				C5D42DAC22A8647300540766 /* LaunchScreen.storyboard */,
				C5D42DAF22A8647300540766 /* Info.plist */,
				C5D42DA922A8647300540766 /* Preview Content */,
			);
			path = FFMPEGShortcutsApp;
			sourceTree = "<group>";
		};
		C5D42DA922A8647300540766 /* Preview Content */ = {
			isa = PBXGroup;
			children = (
				C5D42DAA22A8647300540766 /* Preview Assets.xcassets */,
			);
			path = "Preview Content";
			sourceTree = "<group>";
		};
		C5D42DB722A8647300540766 /* FFMPEGShortcutsAppTests */ = {
			isa = PBXGroup;
			children = (
				C5D42DB822A8647300540766 /* FFMPEGShortcutsAppTests.swift */,
				C5D42DBA22A8647300540766 /* Info.plist */,
			);
			path = FFMPEGShortcutsAppTests;
			sourceTree = "<group>";
		};
		C5D42DC222A8647300540766 /* FFMPEGShortcutsAppUITests */ = {
			isa = PBXGroup;
			children = (
				C5D42DC322A8647300540766 /* FFMPEGShortcutsAppUITests.swift */,
				C5D42DC522A8647300540766 /* Info.plist */,
			);
			path = FFMPEGShortcutsAppUITests;
			sourceTree = "<group>";
		};
/* End PBXGroup section */

/* Begin PBXNativeTarget section */
		C5D42D9D22A8647100540766 /* FFMPEGShortcutsApp */ = {
			isa = PBXNativeTarget;
			buildConfigurationList = C5D42DC822A8647300540766 /* Build configuration list for PBXNativeTarget "FFMPEGShortcutsApp" */;
			buildPhases = (
				C5D42D9A22A8647100540766 /* Sources */,
				C5D42D9B22A8647100540766 /* Frameworks */,
				C5D42D9C22A8647100540766 /* Resources */,
			);
			buildRules = (
			);
			dependencies = (
			);
			name = FFMPEGShortcutsApp;
			productName = FFMPEGShortcutsApp;
			productReference = C5D42D9E22A8647100540766 /* FFMPEGShortcutsApp.app */;
			productType = "com.apple.product-type.application";
		};
		C5D42DB322A8647300540766 /* FFMPEGShortcutsAppTests */ = {
			isa = PBXNativeTarget;
			buildConfigurationList = C5D42DCB22A8647300540766 /* Build configuration list for PBXNativeTarget "FFMPEGShortcutsAppTests" */;
			buildPhases = (
				C5D42DB022A8647300540766 /* Sources */,
				C5D42DB122A8647300540766 /* Frameworks */,
				C5D42DB222A8647300540766 /* Resources */,
			);
			buildRules = (
			);
			dependencies = (
				C5D42DB622A8647300540766 /* PBXTargetDependency */,
			);
			name = FFMPEGShortcutsAppTests;
			productName = FFMPEGShortcutsAppTests;
			productReference = C5D42DB422A8647300540766 /* FFMPEGShortcutsAppTests.xctest */;
			productType = "com.apple.product-type.bundle.unit-test";
		};
		C5D42DBE22A8647300540766 /* FFMPEGShortcutsAppUITests */ = {
			isa = PBXNativeTarget;
			buildConfigurationList = C5D42DCE22A8647300540766 /* Build configuration list for PBXNativeTarget "FFMPEGShortcutsAppUITests" */;
			buildPhases = (
				C5D42DBB22A8647300540766 /* Sources */,
				C5D42DBC22A8647300540766 /* Frameworks */,
				C5D42DBD22A8647300540766 /* Resources */,
			);
			buildRules = (
			);
			dependencies = (
				C5D42DC122A8647300540766 /* PBXTargetDependency */,
			);
			name = FFMPEGShortcutsAppUITests;
			productName = FFMPEGShortcutsAppUITests;
			productReference = C5D42DBF22A8647300540766 /* FFMPEGShortcutsAppUITests.xctest */;
			productType = "com.apple.product-type.bundle.ui-testing";
		};
/* End PBXNativeTarget section */

/* Begin PBXProject section */
		C5D42D9622A8647100540766 /* Project object */ = {
			isa = PBXProject;
			attributes = {
				LastSwiftUpdateCheck = 1100;
				LastUpgradeCheck = 1100;
				ORGANIZATIONNAME = "Zhuowei Zhang";
				TargetAttributes = {
					C5D42D9D22A8647100540766 = {
						CreatedOnToolsVersion = 11.0;
					};
					C5D42DB322A8647300540766 = {
						CreatedOnToolsVersion = 11.0;
						TestTargetID = C5D42D9D22A8647100540766;
					};
					C5D42DBE22A8647300540766 = {
						CreatedOnToolsVersion = 11.0;
						TestTargetID = C5D42D9D22A8647100540766;
					};
				};
			};
			buildConfigurationList = C5D42D9922A8647100540766 /* Build configuration list for PBXProject "FFMPEGShortcutsApp" */;
			compatibilityVersion = "Xcode 9.3";
			developmentRegion = en;
			hasScannedForEncodings = 0;
			knownRegions = (
				en,
				Base,
			);
			mainGroup = C5D42D9522A8647100540766;
			productRefGroup = C5D42D9F22A8647100540766 /* Products */;
			projectDirPath = "";
			projectRoot = "";
			targets = (
				C5D42D9D22A8647100540766 /* FFMPEGShortcutsApp */,
				C5D42DB322A8647300540766 /* FFMPEGShortcutsAppTests */,
				C5D42DBE22A8647300540766 /* FFMPEGShortcutsAppUITests */,
			);
		};
/* End PBXProject section */

/* Begin PBXResourcesBuildPhase section */
		C5D42D9C22A8647100540766 /* Resources */ = {
			isa = PBXResourcesBuildPhase;
			buildActionMask = 2147483647;
			files = (
				C5D42DAE22A8647300540766 /* LaunchScreen.storyboard in Resources */,
				C5D42DAB22A8647300540766 /* Preview Assets.xcassets in Resources */,
				C5D42DA822A8647300540766 /* Assets.xcassets in Resources */,
			);
			runOnlyForDeploymentPostprocessing = 0;
		};
		C5D42DB222A8647300540766 /* Resources */ = {
			isa = PBXResourcesBuildPhase;
			buildActionMask = 2147483647;
			files = (
			);
			runOnlyForDeploymentPostprocessing = 0;
		};
		C5D42DBD22A8647300540766 /* Resources */ = {
			isa = PBXResourcesBuildPhase;
			buildActionMask = 2147483647;
			files = (
			);
			runOnlyForDeploymentPostprocessing = 0;
		};
/* End PBXResourcesBuildPhase section */

/* Begin PBXSourcesBuildPhase section */
		C5D42D9A22A8647100540766 /* Sources */ = {
			isa = PBXSourcesBuildPhase;
			buildActionMask = 2147483647;
			files = (
				C5D42DA222A8647100540766 /* AppDelegate.swift in Sources */,
				C5D42DA422A8647100540766 /* SceneDelegate.swift in Sources */,
				C5D42DA622A8647100540766 /* ContentView.swift in Sources */,
			);
			runOnlyForDeploymentPostprocessing = 0;
		};
		C5D42DB022A8647300540766 /* Sources */ = {
			isa = PBXSourcesBuildPhase;
			buildActionMask = 2147483647;
			files = (
				C5D42DB922A8647300540766 /* FFMPEGShortcutsAppTests.swift in Sources */,
			);
			runOnlyForDeploymentPostprocessing = 0;
		};
		C5D42DBB22A8647300540766 /* Sources */ = {
			isa = PBXSourcesBuildPhase;
			buildActionMask = 2147483647;
			files = (
				C5D42DC422A8647300540766 /* FFMPEGShortcutsAppUITests.swift in Sources */,
			);
			runOnlyForDeploymentPostprocessing = 0;
		};
/* End PBXSourcesBuildPhase section */

/* Begin PBXTargetDependency section */
		C5D42DB622A8647300540766 /* PBXTargetDependency */ = {
			isa = PBXTargetDependency;
			target = C5D42D9D22A8647100540766 /* FFMPEGShortcutsApp */;
			targetProxy = C5D42DB522A8647300540766 /* PBXContainerItemProxy */;
		};
		C5D42DC122A8647300540766 /* PBXTargetDependency */ = {
			isa = PBXTargetDependency;
			target = C5D42D9D22A8647100540766 /* FFMPEGShortcutsApp */;
			targetProxy = C5D42DC022A8647300540766 /* PBXContainerItemProxy */;
		};
/* End PBXTargetDependency section */

/* Begin PBXVariantGroup section */
		C5D42DAC22A8647300540766 /* LaunchScreen.storyboard */ = {
			isa = PBXVariantGroup;
			children = (
				C5D42DAD22A8647300540766 /* Base */,
			);
			name = LaunchScreen.storyboard;
			sourceTree = "<group>";
		};
/* End PBXVariantGroup section */

/* Begin XCBuildConfiguration section */
		C5D42DC622A8647300540766 /* Debug */ = {
			isa = XCBuildConfiguration;
			buildSettings = {
				ALWAYS_SEARCH_USER_PATHS = NO;
				CLANG_ANALYZER_NONNULL = YES;
				CLANG_ANALYZER_NUMBER_OBJECT_CONVERSION = YES_AGGRESSIVE;
				CLANG_CXX_LANGUAGE_STANDARD = "gnu++14";
				CLANG_CXX_LIBRARY = "libc++";
				CLANG_ENABLE_MODULES = YES;
				CLANG_ENABLE_OBJC_ARC = YES;
				CLANG_ENABLE_OBJC_WEAK = YES;
				CLANG_WARN_BLOCK_CAPTURE_AUTORELEASING = YES;
				CLANG_WARN_BOOL_CONVERSION = YES;
				CLANG_WARN_COMMA = YES;
				CLANG_WARN_CONSTANT_CONVERSION = YES;
				CLANG_WARN_DEPRECATED_OBJC_IMPLEMENTATIONS = YES;
				CLANG_WARN_DIRECT_OBJC_ISA_USAGE = YES_ERROR;
				CLANG_WARN_DOCUMENTATION_COMMENTS = YES;
				CLANG_WARN_EMPTY_BODY = YES;
				CLANG_WARN_ENUM_CONVERSION = YES;
				CLANG_WARN_INFINITE_RECURSION = YES;
				CLANG_WARN_INT_CONVERSION = YES;
				CLANG_WARN_NON_LITERAL_NULL_CONVERSION = YES;
				CLANG_WARN_OBJC_IMPLICIT_RETAIN_SELF = YES;
				CLANG_WARN_OBJC_LITERAL_CONVERSION = YES;
				CLANG_WARN_OBJC_ROOT_CLASS = YES_ERROR;
				CLANG_WARN_RANGE_LOOP_ANALYSIS = YES;
				CLANG_WARN_STRICT_PROTOTYPES = YES;
				CLANG_WARN_SUSPICIOUS_MOVE = YES;
				CLANG_WARN_UNGUARDED_AVAILABILITY = YES_AGGRESSIVE;
				CLANG_WARN_UNREACHABLE_CODE = YES;
				CLANG_WARN__DUPLICATE_METHOD_MATCH = YES;
				COPY_PHASE_STRIP = NO;
				DEBUG_INFORMATION_FORMAT = dwarf;
				ENABLE_STRICT_OBJC_MSGSEND = YES;
				ENABLE_TESTABILITY = YES;
				GCC_C_LANGUAGE_STANDARD = gnu11;
				GCC_DYNAMIC_NO_PIC = NO;
				GCC_NO_COMMON_BLOCKS = YES;
				GCC_OPTIMIZATION_LEVEL = 0;
				GCC_PREPROCESSOR_DEFINITIONS = (
					"DEBUG=1",
					"$(inherited)",
				);
				GCC_WARN_64_TO_32_BIT_CONVERSION = YES;
				GCC_WARN_ABOUT_RETURN_TYPE = YES_ERROR;
				GCC_WARN_UNDECLARED_SELECTOR = YES;
				GCC_WARN_UNINITIALIZED_AUTOS = YES_AGGRESSIVE;
				GCC_WARN_UNUSED_FUNCTION = YES;
				GCC_WARN_UNUSED_VARIABLE = YES;
				IPHONEOS_DEPLOYMENT_TARGET = 13.0;
				MTL_ENABLE_DEBUG_INFO = INCLUDE_SOURCE;
				MTL_FAST_MATH = YES;
				ONLY_ACTIVE_ARCH = YES;
				SDKROOT = iphoneos;
				SWIFT_ACTIVE_COMPILATION_CONDITIONS = DEBUG;
				SWIFT_OPTIMIZATION_LEVEL = "-Onone";
			};
			name = Debug;
		};
		C5D42DC722A8647300540766 /* Release */ = {
			isa = XCBuildConfiguration;
			buildSettings = {
				ALWAYS_SEARCH_USER_PATHS = NO;
				CLANG_ANALYZER_NONNULL = YES;
				CLANG_ANALYZER_NUMBER_OBJECT_CONVERSION = YES_AGGRESSIVE;
				CLANG_CXX_LANGUAGE_STANDARD = "gnu++14";
				CLANG_CXX_LIBRARY = "libc++";
				CLANG_ENABLE_MODULES = YES;
				CLANG_ENABLE_OBJC_ARC = YES;
				CLANG_ENABLE_OBJC_WEAK = YES;
				CLANG_WARN_BLOCK_CAPTURE_AUTORELEASING = YES;
				CLANG_WARN_BOOL_CONVERSION = YES;
				CLANG_WARN_COMMA = YES;
				CLANG_WARN_CONSTANT_CONVERSION = YES;
				CLANG_WARN_DEPRECATED_OBJC_IMPLEMENTATIONS = YES;
				CLANG_WARN_DIRECT_OBJC_ISA_USAGE = YES_ERROR;
				CLANG_WARN_DOCUMENTATION_COMMENTS = YES;
				CLANG_WARN_EMPTY_BODY = YES;
				CLANG_WARN_ENUM_CONVERSION = YES;
				CLANG_WARN_INFINITE_RECURSION = YES;
				CLANG_WARN_INT_CONVERSION = YES;
				CLANG_WARN_NON_LITERAL_NULL_CONVERSION = YES;
				CLANG_WARN_OBJC_IMPLICIT_RETAIN_SELF = YES;
				CLANG_WARN_OBJC_LITERAL_CONVERSION = YES;
				CLANG_WARN_OBJC_ROOT_CLASS = YES_ERROR;
				CLANG_WARN_RANGE_LOOP_ANALYSIS = YES;
				CLANG_WARN_STRICT_PROTOTYPES = YES;
				CLANG_WARN_SUSPICIOUS_MOVE = YES;
				CLANG_WARN_UNGUARDED_AVAILABILITY = YES_AGGRESSIVE;
				CLANG_WARN_UNREACHABLE_CODE = YES;
				CLANG_WARN__DUPLICATE_METHOD_MATCH = YES;
				COPY_PHASE_STRIP = NO;
				DEBUG_INFORMATION_FORMAT = "dwarf-with-dsym";
				ENABLE_NS_ASSERTIONS = NO;
				ENABLE_STRICT_OBJC_MSGSEND = YES;
				GCC_C_LANGUAGE_STANDARD = gnu11;
				GCC_NO_COMMON_BLOCKS = YES;
				GCC_WARN_64_TO_32_BIT_CONVERSION = YES;
				GCC_WARN_ABOUT_RETURN_TYPE = YES_ERROR;
				GCC_WARN_UNDECLARED_SELECTOR = YES;
				GCC_WARN_UNINITIALIZED_AUTOS = YES_AGGRESSIVE;
				GCC_WARN_UNUSED_FUNCTION = YES;
				GCC_WARN_UNUSED_VARIABLE = YES;
				IPHONEOS_DEPLOYMENT_TARGET = 13.0;
				MTL_ENABLE_DEBUG_INFO = NO;
				MTL_FAST_MATH = YES;
				SDKROOT = iphoneos;
				SWIFT_COMPILATION_MODE = wholemodule;
				SWIFT_OPTIMIZATION_LEVEL = "-O";
				VALIDATE_PRODUCT = YES;
			};
			name = Release;
		};
		C5D42DC922A8647300540766 /* Debug */ = {
			isa = XCBuildConfiguration;
			buildSettings = {
				ASSETCATALOG_COMPILER_APPICON_NAME = AppIcon;
				CODE_SIGN_STYLE = Automatic;
				DEVELOPMENT_ASSET_PATHS = "FFMPEGShortcutsApp/Preview\\ Content";
				DEVELOPMENT_TEAM = 3D7RY4393N;
				ENABLE_PREVIEWS = YES;
				INFOPLIST_FILE = FFMPEGShortcutsApp/Info.plist;
				LD_RUNPATH_SEARCH_PATHS = (
					"$(inherited)",
					"@executable_path/Frameworks",
				);
				PRODUCT_BUNDLE_IDENTIFIER = com.worthdoingbadly.FFMPEGShortcutsApp;
				PRODUCT_NAME = "$(TARGET_NAME)";
				SWIFT_VERSION = 5.0;
				TARGETED_DEVICE_FAMILY = "1,2";
			};
			name = Debug;
		};
		C5D42DCA22A8647300540766 /* Release */ = {
			isa = XCBuildConfiguration;
			buildSettings = {
				ASSETCATALOG_COMPILER_APPICON_NAME = AppIcon;
				CODE_SIGN_STYLE = Automatic;
				DEVELOPMENT_ASSET_PATHS = "FFMPEGShortcutsApp/Preview\\ Content";
				DEVELOPMENT_TEAM = 3D7RY4393N;
				ENABLE_PREVIEWS = YES;
				INFOPLIST_FILE = FFMPEGShortcutsApp/Info.plist;
				LD_RUNPATH_SEARCH_PATHS = (
					"$(inherited)",
					"@executable_path/Frameworks",
				);
				PRODUCT_BUNDLE_IDENTIFIER = com.worthdoingbadly.FFMPEGShortcutsApp;
				PRODUCT_NAME = "$(TARGET_NAME)";
				SWIFT_VERSION = 5.0;
				TARGETED_DEVICE_FAMILY = "1,2";
			};
			name = Release;
		};
		C5D42DCC22A8647300540766 /* Debug */ = {
			isa = XCBuildConfiguration;
			buildSettings = {
				ALWAYS_EMBED_SWIFT_STANDARD_LIBRARIES = YES;
				BUNDLE_LOADER = "$(TEST_HOST)";
				CODE_SIGN_STYLE = Automatic;
				DEVELOPMENT_TEAM = 3D7RY4393N;
				INFOPLIST_FILE = FFMPEGShortcutsAppTests/Info.plist;
				LD_RUNPATH_SEARCH_PATHS = (
					"$(inherited)",
					"@executable_path/Frameworks",
					"@loader_path/Frameworks",
				);
				PRODUCT_BUNDLE_IDENTIFIER = com.worthdoingbadly.FFMPEGShortcutsAppTests;
				PRODUCT_NAME = "$(TARGET_NAME)";
				SWIFT_VERSION = 5.0;
				TARGETED_DEVICE_FAMILY = "1,2";
				TEST_HOST = "$(BUILT_PRODUCTS_DIR)/FFMPEGShortcutsApp.app/FFMPEGShortcutsApp";
			};
			name = Debug;
		};
		C5D42DCD22A8647300540766 /* Release */ = {
			isa = XCBuildConfiguration;
			buildSettings = {
				ALWAYS_EMBED_SWIFT_STANDARD_LIBRARIES = YES;
				BUNDLE_LOADER = "$(TEST_HOST)";
				CODE_SIGN_STYLE = Automatic;
				DEVELOPMENT_TEAM = 3D7RY4393N;
				INFOPLIST_FILE = FFMPEGShortcutsAppTests/Info.plist;
				LD_RUNPATH_SEARCH_PATHS = (
					"$(inherited)",
					"@executable_path/Frameworks",
					"@loader_path/Frameworks",
				);
				PRODUCT_BUNDLE_IDENTIFIER = com.worthdoingbadly.FFMPEGShortcutsAppTests;
				PRODUCT_NAME = "$(TARGET_NAME)";
				SWIFT_VERSION = 5.0;
				TARGETED_DEVICE_FAMILY = "1,2";
				TEST_HOST = "$(BUILT_PRODUCTS_DIR)/FFMPEGShortcutsApp.app/FFMPEGShortcutsApp";
			};
			name = Release;
		};
		C5D42DCF22A8647300540766 /* Debug */ = {
			isa = XCBuildConfiguration;
			buildSettings = {
				ALWAYS_EMBED_SWIFT_STANDARD_LIBRARIES = YES;
				CODE_SIGN_STYLE = Automatic;
				DEVELOPMENT_TEAM = 3D7RY4393N;
				INFOPLIST_FILE = FFMPEGShortcutsAppUITests/Info.plist;
				LD_RUNPATH_SEARCH_PATHS = (
					"$(inherited)",
					"@executable_path/Frameworks",
					"@loader_path/Frameworks",
				);
				PRODUCT_BUNDLE_IDENTIFIER = com.worthdoingbadly.FFMPEGShortcutsAppUITests;
				PRODUCT_NAME = "$(TARGET_NAME)";
				SWIFT_VERSION = 5.0;
				TARGETED_DEVICE_FAMILY = "1,2";
				TEST_TARGET_NAME = FFMPEGShortcutsApp;
			};
			name = Debug;
		};
		C5D42DD022A8647300540766 /* Release */ = {
			isa = XCBuildConfiguration;
			buildSettings = {
				ALWAYS_EMBED_SWIFT_STANDARD_LIBRARIES = YES;
				CODE_SIGN_STYLE = Automatic;
				DEVELOPMENT_TEAM = 3D7RY4393N;
				INFOPLIST_FILE = FFMPEGShortcutsAppUITests/Info.plist;
				LD_RUNPATH_SEARCH_PATHS = (
					"$(inherited)",
					"@executable_path/Frameworks",
					"@loader_path/Frameworks",
				);
				PRODUCT_BUNDLE_IDENTIFIER = com.worthdoingbadly.FFMPEGShortcutsAppUITests;
				PRODUCT_NAME = "$(TARGET_NAME)";
				SWIFT_VERSION = 5.0;
				TARGETED_DEVICE_FAMILY = "1,2";
				TEST_TARGET_NAME = FFMPEGShortcutsApp;
			};
			name = Release;
		};
/* End XCBuildConfiguration section */

/* Begin XCConfigurationList section */
		C5D42D9922A8647100540766 /* Build configuration list for PBXProject "FFMPEGShortcutsApp" */ = {
			isa = XCConfigurationList;
			buildConfigurations = (
				C5D42DC622A8647300540766 /* Debug */,
				C5D42DC722A8647300540766 /* Release */,
			);
			defaultConfigurationIsVisible = 0;
			defaultConfigurationName = Release;
		};
		C5D42DC822A8647300540766 /* Build configuration list for PBXNativeTarget "FFMPEGShortcutsApp" */ = {
			isa = XCConfigurationList;
			buildConfigurations = (
				C5D42DC922A8647300540766 /* Debug */,
				C5D42DCA22A8647300540766 /* Release */,
			);
			defaultConfigurationIsVisible = 0;
			defaultConfigurationName = Release;
		};
		C5D42DCB22A8647300540766 /* Build configuration list for PBXNativeTarget "FFMPEGShortcutsAppTests" */ = {
			isa = XCConfigurationList;
			buildConfigurations = (
				C5D42DCC22A8647300540766 /* Debug */,
				C5D42DCD22A8647300540766 /* Release */,
			);
			defaultConfigurationIsVisible = 0;
			defaultConfigurationName = Release;
		};
		C5D42DCE22A8647300540766 /* Build configuration list for PBXNativeTarget "FFMPEGShortcutsAppUITests" */ = {
			isa = XCConfigurationList;
			buildConfigurations = (
				C5D42DCF22A8647300540766 /* Debug */,
				C5D42DD022A8647300540766 /* Release */,
			);
			defaultConfigurationIsVisible = 0;
			defaultConfigurationName = Release;
		};
/* End XCConfigurationList section */
	};
	rootObject = C5D42D9622A8647100540766 /* Project object */;
}
